{
  "nodes": {
    "amp": {
      "inputs": {
        "fenix": "fenix",
        "naersk": "naersk",
        "nixpkgs": [
          "nixpkgs"
        ]
      },
      "locked": {
        "lastModified": 1643835380,
        "narHash": "sha256-OlFrlRtdwkQgtOuPeOh7+K2FhtWDy1+6pVjwqHpy0mE=",
        "owner": "lincolnauster",
        "repo": "amp",
        "rev": "7de17d13b8a739ce512802a4b4a90d0c6ee4b534",
        "type": "github"
      },
      "original": {
        "owner": "lincolnauster",
        "ref": "all",
        "repo": "amp",
        "type": "github"
      }
    },
    "emacs-overlay": {
      "locked": {
        "lastModified": 1647623716,
        "narHash": "sha256-WbOKNDcnpXrRzwF8EDfvuSvTA4Ujv3wszF+MW7mRD8U=",
        "owner": "nix-community",
        "repo": "emacs-overlay",
        "rev": "2c58c215a5ddfa2be00e349ee38545aa0547fcf2",
        "type": "github"
      },
      "original": {
        "owner": "nix-community",
        "repo": "emacs-overlay",
        "type": "github"
      }
    },
    "fenix": {
      "inputs": {
        "nixpkgs": "nixpkgs",
        "rust-analyzer-src": "rust-analyzer-src"
      },
      "locked": {
        "lastModified": 1643696611,
        "narHash": "sha256-zzVdkKVjbc1A91XszegenTgLSPkt3gtuOiY7Px5Lk6Q=",
        "owner": "nix-community",
        "repo": "fenix",
        "rev": "06e7c3fc9cdb2f6a3bfd2886b0a2c3aedf3529c7",
        "type": "github"
      },
      "original": {
        "owner": "nix-community",
        "repo": "fenix",
        "type": "github"
      }
    },
    "home-manager": {
      "inputs": {
        "nixpkgs": "nixpkgs_3"
      },
      "locked": {
        "lastModified": 1645796113,
        "narHash": "sha256-s1WSYeOSIO/I/rII6H9o68naHAWieLzvtqrp8w4ggbI=",
        "owner": "nix-community",
        "repo": "home-manager",
        "rev": "662350bee2090edc82b4c162b1415f76b4eee2f3",
        "type": "github"
      },
      "original": {
        "owner": "nix-community",
        "repo": "home-manager",
        "type": "github"
      }
    },
    "naersk": {
      "inputs": {
        "nixpkgs": "nixpkgs_2"
      },
      "locked": {
        "lastModified": 1639947939,
        "narHash": "sha256-pGsM8haJadVP80GFq4xhnSpNitYNQpaXk4cnA796Cso=",
        "owner": "nix-community",
        "repo": "naersk",
        "rev": "2fc8ce9d3c025d59fee349c1f80be9785049d653",
        "type": "github"
      },
      "original": {
        "owner": "nix-community",
        "repo": "naersk",
        "type": "github"
      }
    },
    "nixpkgs": {
      "locked": {
        "lastModified": 1645433236,
        "narHash": "sha256-4va4MvJ076XyPp5h8sm5eMQvCrJ6yZAbBmyw95dGyw4=",
        "owner": "nixos",
        "repo": "nixpkgs",
        "rev": "7f9b6e2babf232412682c09e57ed666d8f84ac2d",
        "type": "github"
      },
      "original": {
        "owner": "nixos",
        "ref": "nixos-unstable",
        "repo": "nixpkgs",
        "type": "github"
      }
    },
    "nixpkgs_2": {
      "locked": {
        "lastModified": 1643472818,
        "narHash": "sha256-qzVPxKDUubYIxKRSuDl/JgzXWSmGvUVYny9SxFMfPJM=",
        "owner": "NixOS",
        "repo": "nixpkgs",
        "rev": "7f65e4abd5ecaad12d2d26e4380d1a7d8edafea7",
        "type": "github"
      },
      "original": {
        "id": "nixpkgs",
        "type": "indirect"
      }
    },
    "nixpkgs_3": {
      "locked": {
        "lastModified": 1645623357,
        "narHash": "sha256-vAaI91QFn/kY/uMiebW+kG2mPmxirMSJWYtkqkBKdDc=",
        "owner": "NixOS",
        "repo": "nixpkgs",
        "rev": "9222ae36b208d1c6b55d88e10aa68f969b5b5244",
        "type": "github"
      },
      "original": {
        "id": "nixpkgs",
        "type": "indirect"
      }
    },
    "nixpkgs_4": {
      "locked": {
        "lastModified": 1645652565,
        "narHash": "sha256-yVQN2Wi8xSSpuj6JTck/6IOJ40hNvmoReMvFY86xd9w=",
        "owner": "nixos",
        "repo": "nixpkgs",
        "rev": "4275a321beab5a71872fb7a5fe5da511bb2bec73",
        "type": "github"
      },
      "original": {
        "owner": "nixos",
        "ref": "nixos-21.11",
        "repo": "nixpkgs",
        "type": "github"
      }
    },
    "painted": {
      "inputs": {
        "nixpkgs": [
          "nixpkgs"
        ]
      },
      "locked": {
        "lastModified": 1645827879,
        "narHash": "sha256-drcM0eLde2szHULCUJKFBK6kjhixHHiyniwEA5Vk4Ck=",
        "owner": "lincolnauster",
        "repo": "painted",
        "rev": "4f67580a6cb5febb9ded1c228192f0ae7784d404",
        "type": "github"
      },
      "original": {
        "owner": "lincolnauster",
        "ref": "dev",
        "repo": "painted",
        "type": "github"
      }
    },
    "root": {
      "inputs": {
        "amp": "amp",
        "emacs-overlay": "emacs-overlay",
        "home-manager": "home-manager",
        "nixpkgs": "nixpkgs_4",
        "painted": "painted"
      }
    },
    "rust-analyzer-src": {
      "flake": false,
      "locked": {
        "lastModified": 1643645003,
        "narHash": "sha256-uz+MXBcGoIqzc6acGB7GjJQsTWKr341+fjjv+pQR8N8=",
        "owner": "rust-analyzer",
        "repo": "rust-analyzer",
        "rev": "4800c05a206eb156617b76fdb30af0b6c2c0fb26",
        "type": "github"
      },
      "original": {
        "owner": "rust-analyzer",
        "ref": "nightly",
        "repo": "rust-analyzer",
        "type": "github"
      }
    }
  },
  "root": "root",
  "version": 7
}
